// !$*UTF8*$!
{
	archiveVersion = 1;
	classes = {
	};
	objectVersion = 50;
	objects = {

/* Begin PBXBuildFile section */
		2A9F97A347F0CD952C61DB5B /* Pods_AppointmentChecker.framework in Frameworks */ = {isa = PBXBuildFile; fileRef = 76385F360C55FEFEB7E53B7D /* Pods_AppointmentChecker.framework */; };
		6C36DF7D1839CAADFFFA80DD /* Pods_AppointmentChecker_AppointmentCheckerUITests.framework in Frameworks */ = {isa = PBXBuildFile; fileRef = C757D689BB9F0810EA87A85F /* Pods_AppointmentChecker_AppointmentCheckerUITests.framework */; };
		9BC3EE9125DB4AA80081639F /* AppDelegate.swift in Sources */ = {isa = PBXBuildFile; fileRef = 9BC3EE9025DB4AA80081639F /* AppDelegate.swift */; };
		9BC3EE9325DB4AA80081639F /* SceneDelegate.swift in Sources */ = {isa = PBXBuildFile; fileRef = 9BC3EE9225DB4AA80081639F /* SceneDelegate.swift */; };
		9BC3EE9525DB4AA80081639F /* ViewController.swift in Sources */ = {isa = PBXBuildFile; fileRef = 9BC3EE9425DB4AA80081639F /* ViewController.swift */; };
		9BC3EE9825DB4AA80081639F /* Main.storyboard in Resources */ = {isa = PBXBuildFile; fileRef = 9BC3EE9625DB4AA80081639F /* Main.storyboard */; };
		9BC3EE9B25DB4AA80081639F /* AppointmentChecker.xcdatamodeld in Sources */ = {isa = PBXBuildFile; fileRef = 9BC3EE9925DB4AA80081639F /* AppointmentChecker.xcdatamodeld */; };
		9BC3EE9D25DB4AA90081639F /* Assets.xcassets in Resources */ = {isa = PBXBuildFile; fileRef = 9BC3EE9C25DB4AA90081639F /* Assets.xcassets */; };
		9BC3EEA025DB4AA90081639F /* LaunchScreen.storyboard in Resources */ = {isa = PBXBuildFile; fileRef = 9BC3EE9E25DB4AA90081639F /* LaunchScreen.storyboard */; };
		9BC3EEAB25DB4AA90081639F /* AppointmentCheckerTests.swift in Sources */ = {isa = PBXBuildFile; fileRef = 9BC3EEAA25DB4AA90081639F /* AppointmentCheckerTests.swift */; };
		9BC3EEB625DB4AA90081639F /* AppointmentCheckerUITests.swift in Sources */ = {isa = PBXBuildFile; fileRef = 9BC3EEB525DB4AA90081639F /* AppointmentCheckerUITests.swift */; };
		F188C952EC05B01A3A8AB9B0 /* Pods_AppointmentCheckerTests.framework in Frameworks */ = {isa = PBXBuildFile; fileRef = 1D1847DF77B8D74FCFFC1FCD /* Pods_AppointmentCheckerTests.framework */; };
/* End PBXBuildFile section */

/* Begin PBXContainerItemProxy section */
		9BC3EEA725DB4AA90081639F /* PBXContainerItemProxy */ = {
			isa = PBXContainerItemProxy;
			containerPortal = 9BC3EE8525DB4AA80081639F /* Project object */;
			proxyType = 1;
			remoteGlobalIDString = 9BC3EE8C25DB4AA80081639F;
			remoteInfo = AppointmentChecker;
		};
		9BC3EEB225DB4AA90081639F /* PBXContainerItemProxy */ = {
			isa = PBXContainerItemProxy;
			containerPortal = 9BC3EE8525DB4AA80081639F /* Project object */;
			proxyType = 1;
			remoteGlobalIDString = 9BC3EE8C25DB4AA80081639F;
			remoteInfo = AppointmentChecker;
		};
/* End PBXContainerItemProxy section */

/* Begin PBXFileReference section */
		1D1847DF77B8D74FCFFC1FCD /* Pods_AppointmentCheckerTests.framework */ = {isa = PBXFileReference; explicitFileType = wrapper.framework; includeInIndex = 0; path = Pods_AppointmentCheckerTests.framework; sourceTree = BUILT_PRODUCTS_DIR; };
		4B4311F988A2C98CDC698A59 /* Pods-AppointmentCheckerTests.release.xcconfig */ = {isa = PBXFileReference; includeInIndex = 1; lastKnownFileType = text.xcconfig; name = "Pods-AppointmentCheckerTests.release.xcconfig"; path = "Target Support Files/Pods-AppointmentCheckerTests/Pods-AppointmentCheckerTests.release.xcconfig"; sourceTree = "<group>"; };
		76385F360C55FEFEB7E53B7D /* Pods_AppointmentChecker.framework */ = {isa = PBXFileReference; explicitFileType = wrapper.framework; includeInIndex = 0; path = Pods_AppointmentChecker.framework; sourceTree = BUILT_PRODUCTS_DIR; };
		9BC3EE8D25DB4AA80081639F /* AppointmentChecker.app */ = {isa = PBXFileReference; explicitFileType = wrapper.application; includeInIndex = 0; path = AppointmentChecker.app; sourceTree = BUILT_PRODUCTS_DIR; };
		9BC3EE9025DB4AA80081639F /* AppDelegate.swift */ = {isa = PBXFileReference; lastKnownFileType = sourcecode.swift; path = AppDelegate.swift; sourceTree = "<group>"; };
		9BC3EE9225DB4AA80081639F /* SceneDelegate.swift */ = {isa = PBXFileReference; lastKnownFileType = sourcecode.swift; path = SceneDelegate.swift; sourceTree = "<group>"; };
		9BC3EE9425DB4AA80081639F /* ViewController.swift */ = {isa = PBXFileReference; lastKnownFileType = sourcecode.swift; path = ViewController.swift; sourceTree = "<group>"; };
		9BC3EE9725DB4AA80081639F /* Base */ = {isa = PBXFileReference; lastKnownFileType = file.storyboard; name = Base; path = Base.lproj/Main.storyboard; sourceTree = "<group>"; };
		9BC3EE9A25DB4AA80081639F /* AppointmentChecker.xcdatamodel */ = {isa = PBXFileReference; lastKnownFileType = wrapper.xcdatamodel; path = AppointmentChecker.xcdatamodel; sourceTree = "<group>"; };
		9BC3EE9C25DB4AA90081639F /* Assets.xcassets */ = {isa = PBXFileReference; lastKnownFileType = folder.assetcatalog; path = Assets.xcassets; sourceTree = "<group>"; };
		9BC3EE9F25DB4AA90081639F /* Base */ = {isa = PBXFileReference; lastKnownFileType = file.storyboard; name = Base; path = Base.lproj/LaunchScreen.storyboard; sourceTree = "<group>"; };
		9BC3EEA125DB4AA90081639F /* Info.plist */ = {isa = PBXFileReference; lastKnownFileType = text.plist.xml; path = Info.plist; sourceTree = "<group>"; };
		9BC3EEA625DB4AA90081639F /* AppointmentCheckerTests.xctest */ = {isa = PBXFileReference; explicitFileType = wrapper.cfbundle; includeInIndex = 0; path = AppointmentCheckerTests.xctest; sourceTree = BUILT_PRODUCTS_DIR; };
		9BC3EEAA25DB4AA90081639F /* AppointmentCheckerTests.swift */ = {isa = PBXFileReference; lastKnownFileType = sourcecode.swift; path = AppointmentCheckerTests.swift; sourceTree = "<group>"; };
		9BC3EEAC25DB4AA90081639F /* Info.plist */ = {isa = PBXFileReference; lastKnownFileType = text.plist.xml; path = Info.plist; sourceTree = "<group>"; };
		9BC3EEB125DB4AA90081639F /* AppointmentCheckerUITests.xctest */ = {isa = PBXFileReference; explicitFileType = wrapper.cfbundle; includeInIndex = 0; path = AppointmentCheckerUITests.xctest; sourceTree = BUILT_PRODUCTS_DIR; };
		9BC3EEB525DB4AA90081639F /* AppointmentCheckerUITests.swift */ = {isa = PBXFileReference; lastKnownFileType = sourcecode.swift; path = AppointmentCheckerUITests.swift; sourceTree = "<group>"; };
		9BC3EEB725DB4AA90081639F /* Info.plist */ = {isa = PBXFileReference; lastKnownFileType = text.plist.xml; path = Info.plist; sourceTree = "<group>"; };
		AAB63BD2C95CCA8B565B5E38 /* Pods-AppointmentChecker-AppointmentCheckerUITests.debug.xcconfig */ = {isa = PBXFileReference; includeInIndex = 1; lastKnownFileType = text.xcconfig; name = "Pods-AppointmentChecker-AppointmentCheckerUITests.debug.xcconfig"; path = "Target Support Files/Pods-AppointmentChecker-AppointmentCheckerUITests/Pods-AppointmentChecker-AppointmentCheckerUITests.debug.xcconfig"; sourceTree = "<group>"; };
		C394CD37F35EC2D54E94347B /* Pods-AppointmentChecker.release.xcconfig */ = {isa = PBXFileReference; includeInIndex = 1; lastKnownFileType = text.xcconfig; name = "Pods-AppointmentChecker.release.xcconfig"; path = "Target Support Files/Pods-AppointmentChecker/Pods-AppointmentChecker.release.xcconfig"; sourceTree = "<group>"; };
		C757D689BB9F0810EA87A85F /* Pods_AppointmentChecker_AppointmentCheckerUITests.framework */ = {isa = PBXFileReference; explicitFileType = wrapper.framework; includeInIndex = 0; path = Pods_AppointmentChecker_AppointmentCheckerUITests.framework; sourceTree = BUILT_PRODUCTS_DIR; };
		E7548B14CA909535FCE415E7 /* Pods-AppointmentChecker-AppointmentCheckerUITests.release.xcconfig */ = {isa = PBXFileReference; includeInIndex = 1; lastKnownFileType = text.xcconfig; name = "Pods-AppointmentChecker-AppointmentCheckerUITests.release.xcconfig"; path = "Target Support Files/Pods-AppointmentChecker-AppointmentCheckerUITests/Pods-AppointmentChecker-AppointmentCheckerUITests.release.xcconfig"; sourceTree = "<group>"; };
		E7C8F552D1F9DAFC7ED43863 /* Pods-AppointmentChecker.debug.xcconfig */ = {isa = PBXFileReference; includeInIndex = 1; lastKnownFileType = text.xcconfig; name = "Pods-AppointmentChecker.debug.xcconfig"; path = "Target Support Files/Pods-AppointmentChecker/Pods-AppointmentChecker.debug.xcconfig"; sourceTree = "<group>"; };
		F4ABF449AFA45B806FB879A6 /* Pods-AppointmentCheckerTests.debug.xcconfig */ = {isa = PBXFileReference; includeInIndex = 1; lastKnownFileType = text.xcconfig; name = "Pods-AppointmentCheckerTests.debug.xcconfig"; path = "Target Support Files/Pods-AppointmentCheckerTests/Pods-AppointmentCheckerTests.debug.xcconfig"; sourceTree = "<group>"; };
/* End PBXFileReference section */

/* Begin PBXFrameworksBuildPhase section */
		9BC3EE8A25DB4AA80081639F /* Frameworks */ = {
			isa = PBXFrameworksBuildPhase;
			buildActionMask = 2147483647;
			files = (
				2A9F97A347F0CD952C61DB5B /* Pods_AppointmentChecker.framework in Frameworks */,
			);
			runOnlyForDeploymentPostprocessing = 0;
		};
		9BC3EEA325DB4AA90081639F /* Frameworks */ = {
			isa = PBXFrameworksBuildPhase;
			buildActionMask = 2147483647;
			files = (
				F188C952EC05B01A3A8AB9B0 /* Pods_AppointmentCheckerTests.framework in Frameworks */,
			);
			runOnlyForDeploymentPostprocessing = 0;
		};
		9BC3EEAE25DB4AA90081639F /* Frameworks */ = {
			isa = PBXFrameworksBuildPhase;
			buildActionMask = 2147483647;
			files = (
				6C36DF7D1839CAADFFFA80DD /* Pods_AppointmentChecker_AppointmentCheckerUITests.framework in Frameworks */,
			);
			runOnlyForDeploymentPostprocessing = 0;
		};
/* End PBXFrameworksBuildPhase section */

/* Begin PBXGroup section */
		662A5C34A1C57FEF1C53A266 /* Pods */ = {
			isa = PBXGroup;
			children = (
				E7C8F552D1F9DAFC7ED43863 /* Pods-AppointmentChecker.debug.xcconfig */,
				C394CD37F35EC2D54E94347B /* Pods-AppointmentChecker.release.xcconfig */,
				AAB63BD2C95CCA8B565B5E38 /* Pods-AppointmentChecker-AppointmentCheckerUITests.debug.xcconfig */,
				E7548B14CA909535FCE415E7 /* Pods-AppointmentChecker-AppointmentCheckerUITests.release.xcconfig */,
				F4ABF449AFA45B806FB879A6 /* Pods-AppointmentCheckerTests.debug.xcconfig */,
				4B4311F988A2C98CDC698A59 /* Pods-AppointmentCheckerTests.release.xcconfig */,
			);
			name = Pods;
			path = Pods;
			sourceTree = "<group>";
		};
		9BC3EE8425DB4AA80081639F = {
			isa = PBXGroup;
			children = (
				9BC3EE8F25DB4AA80081639F /* AppointmentChecker */,
				9BC3EEA925DB4AA90081639F /* AppointmentCheckerTests */,
				9BC3EEB425DB4AA90081639F /* AppointmentCheckerUITests */,
				9BC3EE8E25DB4AA80081639F /* Products */,
				662A5C34A1C57FEF1C53A266 /* Pods */,
				A797BAA44DF09C0151F7E6CD /* Frameworks */,
			);
			sourceTree = "<group>";
		};
		9BC3EE8E25DB4AA80081639F /* Products */ = {
			isa = PBXGroup;
			children = (
				9BC3EE8D25DB4AA80081639F /* AppointmentChecker.app */,
				9BC3EEA625DB4AA90081639F /* AppointmentCheckerTests.xctest */,
				9BC3EEB125DB4AA90081639F /* AppointmentCheckerUITests.xctest */,
			);
			name = Products;
			sourceTree = "<group>";
		};
		9BC3EE8F25DB4AA80081639F /* AppointmentChecker */ = {
			isa = PBXGroup;
			children = (
				9BC3EE9025DB4AA80081639F /* AppDelegate.swift */,
				9BC3EE9225DB4AA80081639F /* SceneDelegate.swift */,
				9BC3EE9425DB4AA80081639F /* ViewController.swift */,
				9BC3EE9625DB4AA80081639F /* Main.storyboard */,
				9BC3EE9C25DB4AA90081639F /* Assets.xcassets */,
				9BC3EE9E25DB4AA90081639F /* LaunchScreen.storyboard */,
				9BC3EEA125DB4AA90081639F /* Info.plist */,
				9BC3EE9925DB4AA80081639F /* AppointmentChecker.xcdatamodeld */,
			);
			path = AppointmentChecker;
			sourceTree = "<group>";
		};
		9BC3EEA925DB4AA90081639F /* AppointmentCheckerTests */ = {
			isa = PBXGroup;
			children = (
				9BC3EEAA25DB4AA90081639F /* AppointmentCheckerTests.swift */,
				9BC3EEAC25DB4AA90081639F /* Info.plist */,
			);
			path = AppointmentCheckerTests;
			sourceTree = "<group>";
		};
		9BC3EEB425DB4AA90081639F /* AppointmentCheckerUITests */ = {
			isa = PBXGroup;
			children = (
				9BC3EEB525DB4AA90081639F /* AppointmentCheckerUITests.swift */,
				9BC3EEB725DB4AA90081639F /* Info.plist */,
			);
			path = AppointmentCheckerUITests;
			sourceTree = "<group>";
		};
		A797BAA44DF09C0151F7E6CD /* Frameworks */ = {
			isa = PBXGroup;
			children = (
				76385F360C55FEFEB7E53B7D /* Pods_AppointmentChecker.framework */,
				C757D689BB9F0810EA87A85F /* Pods_AppointmentChecker_AppointmentCheckerUITests.framework */,
				1D1847DF77B8D74FCFFC1FCD /* Pods_AppointmentCheckerTests.framework */,
			);
			name = Frameworks;
			sourceTree = "<group>";
		};
/* End PBXGroup section */

/* Begin PBXNativeTarget section */
		9BC3EE8C25DB4AA80081639F /* AppointmentChecker */ = {
			isa = PBXNativeTarget;
			buildConfigurationList = 9BC3EEBA25DB4AA90081639F /* Build configuration list for PBXNativeTarget "AppointmentChecker" */;
			buildPhases = (
				B3EBE5DC8A376514E0AF78DB /* [CP] Check Pods Manifest.lock */,
				9BC3EE8925DB4AA80081639F /* Sources */,
				9BC3EE8A25DB4AA80081639F /* Frameworks */,
				9BC3EE8B25DB4AA80081639F /* Resources */,
				493D1E56CB1BE1300ABD6FDF /* [CP] Embed Pods Frameworks */,
			);
			buildRules = (
			);
			dependencies = (
			);
			name = AppointmentChecker;
			productName = AppointmentChecker;
			productReference = 9BC3EE8D25DB4AA80081639F /* AppointmentChecker.app */;
			productType = "com.apple.product-type.application";
		};
		9BC3EEA525DB4AA90081639F /* AppointmentCheckerTests */ = {
			isa = PBXNativeTarget;
			buildConfigurationList = 9BC3EEBD25DB4AA90081639F /* Build configuration list for PBXNativeTarget "AppointmentCheckerTests" */;
			buildPhases = (
				36817BDA81C045DBFBB8B044 /* [CP] Check Pods Manifest.lock */,
				9BC3EEA225DB4AA90081639F /* Sources */,
				9BC3EEA325DB4AA90081639F /* Frameworks */,
				9BC3EEA425DB4AA90081639F /* Resources */,
			);
			buildRules = (
			);
			dependencies = (
				9BC3EEA825DB4AA90081639F /* PBXTargetDependency */,
			);
			name = AppointmentCheckerTests;
			productName = AppointmentCheckerTests;
			productReference = 9BC3EEA625DB4AA90081639F /* AppointmentCheckerTests.xctest */;
			productType = "com.apple.product-type.bundle.unit-test";
		};
		9BC3EEB025DB4AA90081639F /* AppointmentCheckerUITests */ = {
			isa = PBXNativeTarget;
			buildConfigurationList = 9BC3EEC025DB4AA90081639F /* Build configuration list for PBXNativeTarget "AppointmentCheckerUITests" */;
			buildPhases = (
				00D19C49444B6337868A041C /* [CP] Check Pods Manifest.lock */,
				9BC3EEAD25DB4AA90081639F /* Sources */,
				9BC3EEAE25DB4AA90081639F /* Frameworks */,
				9BC3EEAF25DB4AA90081639F /* Resources */,
				454430EA0E5D28A6A39B6A67 /* [CP] Embed Pods Frameworks */,
			);
			buildRules = (
			);
			dependencies = (
				9BC3EEB325DB4AA90081639F /* PBXTargetDependency */,
			);
			name = AppointmentCheckerUITests;
			productName = AppointmentCheckerUITests;
			productReference = 9BC3EEB125DB4AA90081639F /* AppointmentCheckerUITests.xctest */;
			productType = "com.apple.product-type.bundle.ui-testing";
		};
/* End PBXNativeTarget section */

/* Begin PBXProject section */
		9BC3EE8525DB4AA80081639F /* Project object */ = {
			isa = PBXProject;
			attributes = {
				LastSwiftUpdateCheck = 1220;
				LastUpgradeCheck = 1220;
				TargetAttributes = {
					9BC3EE8C25DB4AA80081639F = {
						CreatedOnToolsVersion = 12.2;
					};
					9BC3EEA525DB4AA90081639F = {
						CreatedOnToolsVersion = 12.2;
						TestTargetID = 9BC3EE8C25DB4AA80081639F;
					};
					9BC3EEB025DB4AA90081639F = {
						CreatedOnToolsVersion = 12.2;
						TestTargetID = 9BC3EE8C25DB4AA80081639F;
					};
				};
			};
			buildConfigurationList = 9BC3EE8825DB4AA80081639F /* Build configuration list for PBXProject "AppointmentChecker" */;
			compatibilityVersion = "Xcode 9.3";
			developmentRegion = en;
			hasScannedForEncodings = 0;
			knownRegions = (
				en,
				Base,
			);
			mainGroup = 9BC3EE8425DB4AA80081639F;
			productRefGroup = 9BC3EE8E25DB4AA80081639F /* Products */;
			projectDirPath = "";
			projectRoot = "";
			targets = (
				9BC3EE8C25DB4AA80081639F /* AppointmentChecker */,
				9BC3EEA525DB4AA90081639F /* AppointmentCheckerTests */,
				9BC3EEB025DB4AA90081639F /* AppointmentCheckerUITests */,
			);
		};
/* End PBXProject section */

/* Begin PBXResourcesBuildPhase section */
		9BC3EE8B25DB4AA80081639F /* Resources */ = {
			isa = PBXResourcesBuildPhase;
			buildActionMask = 2147483647;
			files = (
				9BC3EEA025DB4AA90081639F /* LaunchScreen.storyboard in Resources */,
				9BC3EE9D25DB4AA90081639F /* Assets.xcassets in Resources */,
				9BC3EE9825DB4AA80081639F /* Main.storyboard in Resources */,
			);
			runOnlyForDeploymentPostprocessing = 0;
		};
		9BC3EEA425DB4AA90081639F /* Resources */ = {
			isa = PBXResourcesBuildPhase;
			buildActionMask = 2147483647;
			files = (
			);
			runOnlyForDeploymentPostprocessing = 0;
		};
		9BC3EEAF25DB4AA90081639F /* Resources */ = {
			isa = PBXResourcesBuildPhase;
			buildActionMask = 2147483647;
			files = (
			);
			runOnlyForDeploymentPostprocessing = 0;
		};
/* End PBXResourcesBuildPhase section */

/* Begin PBXShellScriptBuildPhase section */
		00D19C49444B6337868A041C /* [CP] Check Pods Manifest.lock */ = {
			isa = PBXShellScriptBuildPhase;
			buildActionMask = 2147483647;
			files = (
			);
			inputFileListPaths = (
			);
			inputPaths = (
				"${PODS_PODFILE_DIR_PATH}/Podfile.lock",
				"${PODS_ROOT}/Manifest.lock",
			);
			name = "[CP] Check Pods Manifest.lock";
			outputFileListPaths = (
			);
			outputPaths = (
				"$(DERIVED_FILE_DIR)/Pods-AppointmentChecker-AppointmentCheckerUITests-checkManifestLockResult.txt",
			);
			runOnlyForDeploymentPostprocessing = 0;
			shellPath = /bin/sh;
			shellScript = "diff \"${PODS_PODFILE_DIR_PATH}/Podfile.lock\" \"${PODS_ROOT}/Manifest.lock\" > /dev/null\nif [ $? != 0 ] ; then\n    # print error to STDERR\n    echo \"error: The sandbox is not in sync with the Podfile.lock. Run 'pod install' or update your CocoaPods installation.\" >&2\n    exit 1\nfi\n# This output is used by Xcode 'outputs' to avoid re-running this script phase.\necho \"SUCCESS\" > \"${SCRIPT_OUTPUT_FILE_0}\"\n";
			showEnvVarsInLog = 0;
		};
		36817BDA81C045DBFBB8B044 /* [CP] Check Pods Manifest.lock */ = {
			isa = PBXShellScriptBuildPhase;
			buildActionMask = 2147483647;
			files = (
			);
			inputFileListPaths = (
			);
			inputPaths = (
				"${PODS_PODFILE_DIR_PATH}/Podfile.lock",
				"${PODS_ROOT}/Manifest.lock",
			);
			name = "[CP] Check Pods Manifest.lock";
			outputFileListPaths = (
			);
			outputPaths = (
				"$(DERIVED_FILE_DIR)/Pods-AppointmentCheckerTests-checkManifestLockResult.txt",
			);
			runOnlyForDeploymentPostprocessing = 0;
			shellPath = /bin/sh;
			shellScript = "diff \"${PODS_PODFILE_DIR_PATH}/Podfile.lock\" \"${PODS_ROOT}/Manifest.lock\" > /dev/null\nif [ $? != 0 ] ; then\n    # print error to STDERR\n    echo \"error: The sandbox is not in sync with the Podfile.lock. Run 'pod install' or update your CocoaPods installation.\" >&2\n    exit 1\nfi\n# This output is used by Xcode 'outputs' to avoid re-running this script phase.\necho \"SUCCESS\" > \"${SCRIPT_OUTPUT_FILE_0}\"\n";
			showEnvVarsInLog = 0;
		};
		454430EA0E5D28A6A39B6A67 /* [CP] Embed Pods Frameworks */ = {
			isa = PBXShellScriptBuildPhase;
			buildActionMask = 2147483647;
			files = (
			);
			inputFileListPaths = (
				"${PODS_ROOT}/Target Support Files/Pods-AppointmentChecker-AppointmentCheckerUITests/Pods-AppointmentChecker-AppointmentCheckerUITests-frameworks-${CONFIGURATION}-input-files.xcfilelist",
			);
			name = "[CP] Embed Pods Frameworks";
			outputFileListPaths = (
				"${PODS_ROOT}/Target Support Files/Pods-AppointmentChecker-AppointmentCheckerUITests/Pods-AppointmentChecker-AppointmentCheckerUITests-frameworks-${CONFIGURATION}-output-files.xcfilelist",
			);
			runOnlyForDeploymentPostprocessing = 0;
			shellPath = /bin/sh;
			shellScript = "\"${PODS_ROOT}/Target Support Files/Pods-AppointmentChecker-AppointmentCheckerUITests/Pods-AppointmentChecker-AppointmentCheckerUITests-frameworks.sh\"\n";
			showEnvVarsInLog = 0;
		};
		493D1E56CB1BE1300ABD6FDF /* [CP] Embed Pods Frameworks */ = {
			isa = PBXShellScriptBuildPhase;
			buildActionMask = 2147483647;
			files = (
			);
			inputFileListPaths = (
				"${PODS_ROOT}/Target Support Files/Pods-AppointmentChecker/Pods-AppointmentChecker-frameworks-${CONFIGURATION}-input-files.xcfilelist",
			);
			name = "[CP] Embed Pods Frameworks";
			outputFileListPaths = (
				"${PODS_ROOT}/Target Support Files/Pods-AppointmentChecker/Pods-AppointmentChecker-frameworks-${CONFIGURATION}-output-files.xcfilelist",
			);
			runOnlyForDeploymentPostprocessing = 0;
			shellPath = /bin/sh;
			shellScript = "\"${PODS_ROOT}/Target Support Files/Pods-AppointmentChecker/Pods-AppointmentChecker-frameworks.sh\"\n";
			showEnvVarsInLog = 0;
		};
		B3EBE5DC8A376514E0AF78DB /* [CP] Check Pods Manifest.lock */ = {
			isa = PBXShellScriptBuildPhase;
			buildActionMask = 2147483647;
			files = (
			);
			inputFileListPaths = (
			);
			inputPaths = (
				"${PODS_PODFILE_DIR_PATH}/Podfile.lock",
				"${PODS_ROOT}/Manifest.lock",
			);
			name = "[CP] Check Pods Manifest.lock";
			outputFileListPaths = (
			);
			outputPaths = (
				"$(DERIVED_FILE_DIR)/Pods-AppointmentChecker-checkManifestLockResult.txt",
			);
			runOnlyForDeploymentPostprocessing = 0;
			shellPath = /bin/sh;
			shellScript = "diff \"${PODS_PODFILE_DIR_PATH}/Podfile.lock\" \"${PODS_ROOT}/Manifest.lock\" > /dev/null\nif [ $? != 0 ] ; then\n    # print error to STDERR\n    echo \"error: The sandbox is not in sync with the Podfile.lock. Run 'pod install' or update your CocoaPods installation.\" >&2\n    exit 1\nfi\n# This output is used by Xcode 'outputs' to avoid re-running this script phase.\necho \"SUCCESS\" > \"${SCRIPT_OUTPUT_FILE_0}\"\n";
			showEnvVarsInLog = 0;
		};
/* End PBXShellScriptBuildPhase section */

/* Begin PBXSourcesBuildPhase section */
		9BC3EE8925DB4AA80081639F /* Sources */ = {
			isa = PBXSourcesBuildPhase;
			buildActionMask = 2147483647;
			files = (
				9BC3EE9525DB4AA80081639F /* ViewController.swift in Sources */,
				9BC3EE9125DB4AA80081639F /* AppDelegate.swift in Sources */,
				9BC3EE9325DB4AA80081639F /* SceneDelegate.swift in Sources */,
				9BC3EE9B25DB4AA80081639F /* AppointmentChecker.xcdatamodeld in Sources */,
			);
			runOnlyForDeploymentPostprocessing = 0;
		};
		9BC3EEA225DB4AA90081639F /* Sources */ = {
			isa = PBXSourcesBuildPhase;
			buildActionMask = 2147483647;
			files = (
				9BC3EEAB25DB4AA90081639F /* AppointmentCheckerTests.swift in Sources */,
			);
			runOnlyForDeploymentPostprocessing = 0;
		};
		9BC3EEAD25DB4AA90081639F /* Sources */ = {
			isa = PBXSourcesBuildPhase;
			buildActionMask = 2147483647;
			files = (
				9BC3EEB625DB4AA90081639F /* AppointmentCheckerUITests.swift in Sources */,
			);
			runOnlyForDeploymentPostprocessing = 0;
		};
/* End PBXSourcesBuildPhase section */

/* Begin PBXTargetDependency section */
		9BC3EEA825DB4AA90081639F /* PBXTargetDependency */ = {
			isa = PBXTargetDependency;
			target = 9BC3EE8C25DB4AA80081639F /* AppointmentChecker */;
			targetProxy = 9BC3EEA725DB4AA90081639F /* PBXContainerItemProxy */;
		};
		9BC3EEB325DB4AA90081639F /* PBXTargetDependency */ = {
			isa = PBXTargetDependency;
			target = 9BC3EE8C25DB4AA80081639F /* AppointmentChecker */;
			targetProxy = 9BC3EEB225DB4AA90081639F /* PBXContainerItemProxy */;
		};
/* End PBXTargetDependency section */

/* Begin PBXVariantGroup section */
		9BC3EE9625DB4AA80081639F /* Main.storyboard */ = {
			isa = PBXVariantGroup;
			children = (
				9BC3EE9725DB4AA80081639F /* Base */,
			);
			name = Main.storyboard;
			sourceTree = "<group>";
		};
		9BC3EE9E25DB4AA90081639F /* LaunchScreen.storyboard */ = {
			isa = PBXVariantGroup;
			children = (
				9BC3EE9F25DB4AA90081639F /* Base */,
			);
			name = LaunchScreen.storyboard;
			sourceTree = "<group>";
		};
/* End PBXVariantGroup section */

/* Begin XCBuildConfiguration section */
		9BC3EEB825DB4AA90081639F /* Debug */ = {
			isa = XCBuildConfiguration;
			buildSettings = {
				ALWAYS_SEARCH_USER_PATHS = NO;
				CLANG_ANALYZER_NONNULL = YES;
				CLANG_ANALYZER_NUMBER_OBJECT_CONVERSION = YES_AGGRESSIVE;
				CLANG_CXX_LANGUAGE_STANDARD = "gnu++14";
				CLANG_CXX_LIBRARY = "libc++";
				CLANG_ENABLE_MODULES = YES;
				CLANG_ENABLE_OBJC_ARC = YES;
				CLANG_ENABLE_OBJC_WEAK = YES;
				CLANG_WARN_BLOCK_CAPTURE_AUTORELEASING = YES;
				CLANG_WARN_BOOL_CONVERSION = YES;
				CLANG_WARN_COMMA = YES;
				CLANG_WARN_CONSTANT_CONVERSION = YES;
				CLANG_WARN_DEPRECATED_OBJC_IMPLEMENTATIONS = YES;
				CLANG_WARN_DIRECT_OBJC_ISA_USAGE = YES_ERROR;
				CLANG_WARN_DOCUMENTATION_COMMENTS = YES;
				CLANG_WARN_EMPTY_BODY = YES;
				CLANG_WARN_ENUM_CONVERSION = YES;
				CLANG_WARN_INFINITE_RECURSION = YES;
				CLANG_WARN_INT_CONVERSION = YES;
				CLANG_WARN_NON_LITERAL_NULL_CONVERSION = YES;
				CLANG_WARN_OBJC_IMPLICIT_RETAIN_SELF = YES;
				CLANG_WARN_OBJC_LITERAL_CONVERSION = YES;
				CLANG_WARN_OBJC_ROOT_CLASS = YES_ERROR;
				CLANG_WARN_QUOTED_INCLUDE_IN_FRAMEWORK_HEADER = YES;
				CLANG_WARN_RANGE_LOOP_ANALYSIS = YES;
				CLANG_WARN_STRICT_PROTOTYPES = YES;
				CLANG_WARN_SUSPICIOUS_MOVE = YES;
				CLANG_WARN_UNGUARDED_AVAILABILITY = YES_AGGRESSIVE;
				CLANG_WARN_UNREACHABLE_CODE = YES;
				CLANG_WARN__DUPLICATE_METHOD_MATCH = YES;
				COPY_PHASE_STRIP = NO;
				DEBUG_INFORMATION_FORMAT = dwarf;
				ENABLE_STRICT_OBJC_MSGSEND = YES;
				ENABLE_TESTABILITY = YES;
				GCC_C_LANGUAGE_STANDARD = gnu11;
				GCC_DYNAMIC_NO_PIC = NO;
				GCC_NO_COMMON_BLOCKS = YES;
				GCC_OPTIMIZATION_LEVEL = 0;
				GCC_PREPROCESSOR_DEFINITIONS = (
					"DEBUG=1",
					"$(inherited)",
				);
				GCC_WARN_64_TO_32_BIT_CONVERSION = YES;
				GCC_WARN_ABOUT_RETURN_TYPE = YES_ERROR;
				GCC_WARN_UNDECLARED_SELECTOR = YES;
				GCC_WARN_UNINITIALIZED_AUTOS = YES_AGGRESSIVE;
				GCC_WARN_UNUSED_FUNCTION = YES;
				GCC_WARN_UNUSED_VARIABLE = YES;
				IPHONEOS_DEPLOYMENT_TARGET = 14.2;
				MTL_ENABLE_DEBUG_INFO = INCLUDE_SOURCE;
				MTL_FAST_MATH = YES;
				ONLY_ACTIVE_ARCH = YES;
				SDKROOT = iphoneos;
				SWIFT_ACTIVE_COMPILATION_CONDITIONS = DEBUG;
				SWIFT_OPTIMIZATION_LEVEL = "-Onone";
			};
			name = Debug;
		};
		9BC3EEB925DB4AA90081639F /* Release */ = {
			isa = XCBuildConfiguration;
			buildSettings = {
				ALWAYS_SEARCH_USER_PATHS = NO;
				CLANG_ANALYZER_NONNULL = YES;
				CLANG_ANALYZER_NUMBER_OBJECT_CONVERSION = YES_AGGRESSIVE;
				CLANG_CXX_LANGUAGE_STANDARD = "gnu++14";
				CLANG_CXX_LIBRARY = "libc++";
				CLANG_ENABLE_MODULES = YES;
				CLANG_ENABLE_OBJC_ARC = YES;
				CLANG_ENABLE_OBJC_WEAK = YES;
				CLANG_WARN_BLOCK_CAPTURE_AUTORELEASING = YES;
				CLANG_WARN_BOOL_CONVERSION = YES;
				CLANG_WARN_COMMA = YES;
				CLANG_WARN_CONSTANT_CONVERSION = YES;
				CLANG_WARN_DEPRECATED_OBJC_IMPLEMENTATIONS = YES;
				CLANG_WARN_DIRECT_OBJC_ISA_USAGE = YES_ERROR;
				CLANG_WARN_DOCUMENTATION_COMMENTS = YES;
				CLANG_WARN_EMPTY_BODY = YES;
				CLANG_WARN_ENUM_CONVERSION = YES;
				CLANG_WARN_INFINITE_RECURSION = YES;
				CLANG_WARN_INT_CONVERSION = YES;
				CLANG_WARN_NON_LITERAL_NULL_CONVERSION = YES;
				CLANG_WARN_OBJC_IMPLICIT_RETAIN_SELF = YES;
				CLANG_WARN_OBJC_LITERAL_CONVERSION = YES;
				CLANG_WARN_OBJC_ROOT_CLASS = YES_ERROR;
				CLANG_WARN_QUOTED_INCLUDE_IN_FRAMEWORK_HEADER = YES;
				CLANG_WARN_RANGE_LOOP_ANALYSIS = YES;
				CLANG_WARN_STRICT_PROTOTYPES = YES;
				CLANG_WARN_SUSPICIOUS_MOVE = YES;
				CLANG_WARN_UNGUARDED_AVAILABILITY = YES_AGGRESSIVE;
				CLANG_WARN_UNREACHABLE_CODE = YES;
				CLANG_WARN__DUPLICATE_METHOD_MATCH = YES;
				COPY_PHASE_STRIP = NO;
				DEBUG_INFORMATION_FORMAT = "dwarf-with-dsym";
				ENABLE_NS_ASSERTIONS = NO;
				ENABLE_STRICT_OBJC_MSGSEND = YES;
				GCC_C_LANGUAGE_STANDARD = gnu11;
				GCC_NO_COMMON_BLOCKS = YES;
				GCC_WARN_64_TO_32_BIT_CONVERSION = YES;
				GCC_WARN_ABOUT_RETURN_TYPE = YES_ERROR;
				GCC_WARN_UNDECLARED_SELECTOR = YES;
				GCC_WARN_UNINITIALIZED_AUTOS = YES_AGGRESSIVE;
				GCC_WARN_UNUSED_FUNCTION = YES;
				GCC_WARN_UNUSED_VARIABLE = YES;
				IPHONEOS_DEPLOYMENT_TARGET = 14.2;
				MTL_ENABLE_DEBUG_INFO = NO;
				MTL_FAST_MATH = YES;
				SDKROOT = iphoneos;
				SWIFT_COMPILATION_MODE = wholemodule;
				SWIFT_OPTIMIZATION_LEVEL = "-O";
				VALIDATE_PRODUCT = YES;
			};
			name = Release;
		};
		9BC3EEBB25DB4AA90081639F /* Debug */ = {
			isa = XCBuildConfiguration;
			baseConfigurationReference = E7C8F552D1F9DAFC7ED43863 /* Pods-AppointmentChecker.debug.xcconfig */;
			buildSettings = {
				ASSETCATALOG_COMPILER_APPICON_NAME = AppIcon;
				ASSETCATALOG_COMPILER_GLOBAL_ACCENT_COLOR_NAME = AccentColor;
				CODE_SIGN_STYLE = Automatic;
				DEVELOPMENT_TEAM = J9VPQW634N;
				INFOPLIST_FILE = AppointmentChecker/Info.plist;
				LD_RUNPATH_SEARCH_PATHS = (
					"$(inherited)",
					"@executable_path/Frameworks",
				);
				PRODUCT_BUNDLE_IDENTIFIER = com.yuchenNie.AppointmentChecker;
				PRODUCT_NAME = "$(TARGET_NAME)";
				SWIFT_VERSION = 5.0;
				TARGETED_DEVICE_FAMILY = "1,2";
			};
			name = Debug;
		};
		9BC3EEBC25DB4AA90081639F /* Release */ = {
			isa = XCBuildConfiguration;
			baseConfigurationReference = C394CD37F35EC2D54E94347B /* Pods-AppointmentChecker.release.xcconfig */;
			buildSettings = {
				ASSETCATALOG_COMPILER_APPICON_NAME = AppIcon;
				ASSETCATALOG_COMPILER_GLOBAL_ACCENT_COLOR_NAME = AccentColor;
				CODE_SIGN_STYLE = Automatic;
				DEVELOPMENT_TEAM = J9VPQW634N;
				INFOPLIST_FILE = AppointmentChecker/Info.plist;
				LD_RUNPATH_SEARCH_PATHS = (
					"$(inherited)",
					"@executable_path/Frameworks",
				);
				PRODUCT_BUNDLE_IDENTIFIER = com.yuchenNie.AppointmentChecker;
				PRODUCT_NAME = "$(TARGET_NAME)";
				SWIFT_VERSION = 5.0;
				TARGETED_DEVICE_FAMILY = "1,2";
			};
			name = Release;
		};
		9BC3EEBE25DB4AA90081639F /* Debug */ = {
			isa = XCBuildConfiguration;
			baseConfigurationReference = F4ABF449AFA45B806FB879A6 /* Pods-AppointmentCheckerTests.debug.xcconfig */;
			buildSettings = {
				ALWAYS_EMBED_SWIFT_STANDARD_LIBRARIES = YES;
				BUNDLE_LOADER = "$(TEST_HOST)";
				CODE_SIGN_STYLE = Automatic;
				DEVELOPMENT_TEAM = J9VPQW634N;
				INFOPLIST_FILE = AppointmentCheckerTests/Info.plist;
				IPHONEOS_DEPLOYMENT_TARGET = 14.2;
				LD_RUNPATH_SEARCH_PATHS = (
					"$(inherited)",
					"@executable_path/Frameworks",
					"@loader_path/Frameworks",
				);
				PRODUCT_BUNDLE_IDENTIFIER = com.yuchenNie.AppointmentCheckerTests;
				PRODUCT_NAME = "$(TARGET_NAME)";
				SWIFT_VERSION = 5.0;
				TARGETED_DEVICE_FAMILY = "1,2";
				TEST_HOST = "$(BUILT_PRODUCTS_DIR)/AppointmentChecker.app/AppointmentChecker";
			};
			name = Debug;
		};
		9BC3EEBF25DB4AA90081639F /* Release */ = {
			isa = XCBuildConfiguration;
			baseConfigurationReference = 4B4311F988A2C98CDC698A59 /* Pods-AppointmentCheckerTests.release.xcconfig */;
			buildSettings = {
				ALWAYS_EMBED_SWIFT_STANDARD_LIBRARIES = YES;
				BUNDLE_LOADER = "$(TEST_HOST)";
				CODE_SIGN_STYLE = Automatic;
				DEVELOPMENT_TEAM = J9VPQW634N;
				INFOPLIST_FILE = AppointmentCheckerTests/Info.plist;
				IPHONEOS_DEPLOYMENT_TARGET = 14.2;
				LD_RUNPATH_SEARCH_PATHS = (
					"$(inherited)",
					"@executable_path/Frameworks",
					"@loader_path/Frameworks",
				);
				PRODUCT_BUNDLE_IDENTIFIER = com.yuchenNie.AppointmentCheckerTests;
				PRODUCT_NAME = "$(TARGET_NAME)";
				SWIFT_VERSION = 5.0;
				TARGETED_DEVICE_FAMILY = "1,2";
				TEST_HOST = "$(BUILT_PRODUCTS_DIR)/AppointmentChecker.app/AppointmentChecker";
			};
			name = Release;
		};
		9BC3EEC125DB4AA90081639F /* Debug */ = {
			isa = XCBuildConfiguration;
			baseConfigurationReference = AAB63BD2C95CCA8B565B5E38 /* Pods-AppointmentChecker-AppointmentCheckerUITests.debug.xcconfig */;
			buildSettings = {
				ALWAYS_EMBED_SWIFT_STANDARD_LIBRARIES = YES;
				CODE_SIGN_STYLE = Automatic;
				DEVELOPMENT_TEAM = J9VPQW634N;
				INFOPLIST_FILE = AppointmentCheckerUITests/Info.plist;
				LD_RUNPATH_SEARCH_PATHS = (
					"$(inherited)",
					"@executable_path/Frameworks",
					"@loader_path/Frameworks",
				);
				PRODUCT_BUNDLE_IDENTIFIER = com.yuchenNie.AppointmentCheckerUITests;
				PRODUCT_NAME = "$(TARGET_NAME)";
				SWIFT_VERSION = 5.0;
				TARGETED_DEVICE_FAMILY = "1,2";
				TEST_TARGET_NAME = AppointmentChecker;
			};
			name = Debug;
		};
		9BC3EEC225DB4AA90081639F /* Release */ = {
			isa = XCBuildConfiguration;
			baseConfigurationReference = E7548B14CA909535FCE415E7 /* Pods-AppointmentChecker-AppointmentCheckerUITests.release.xcconfig */;
			buildSettings = {
				ALWAYS_EMBED_SWIFT_STANDARD_LIBRARIES = YES;
				CODE_SIGN_STYLE = Automatic;
				DEVELOPMENT_TEAM = J9VPQW634N;
				INFOPLIST_FILE = AppointmentCheckerUITests/Info.plist;
				LD_RUNPATH_SEARCH_PATHS = (
					"$(inherited)",
					"@executable_path/Frameworks",
					"@loader_path/Frameworks",
				);
				PRODUCT_BUNDLE_IDENTIFIER = com.yuchenNie.AppointmentCheckerUITests;
				PRODUCT_NAME = "$(TARGET_NAME)";
				SWIFT_VERSION = 5.0;
				TARGETED_DEVICE_FAMILY = "1,2";
				TEST_TARGET_NAME = AppointmentChecker;
			};
			name = Release;
		};
/* End XCBuildConfiguration section */

/* Begin XCConfigurationList section */
		9BC3EE8825DB4AA80081639F /* Build configuration list for PBXProject "AppointmentChecker" */ = {
			isa = XCConfigurationList;
			buildConfigurations = (
				9BC3EEB825DB4AA90081639F /* Debug */,
				9BC3EEB925DB4AA90081639F /* Release */,
			);
			defaultConfigurationIsVisible = 0;
			defaultConfigurationName = Release;
		};
		9BC3EEBA25DB4AA90081639F /* Build configuration list for PBXNativeTarget "AppointmentChecker" */ = {
			isa = XCConfigurationList;
			buildConfigurations = (
				9BC3EEBB25DB4AA90081639F /* Debug */,
				9BC3EEBC25DB4AA90081639F /* Release */,
			);
			defaultConfigurationIsVisible = 0;
			defaultConfigurationName = Release;
		};
		9BC3EEBD25DB4AA90081639F /* Build configuration list for PBXNativeTarget "AppointmentCheckerTests" */ = {
			isa = XCConfigurationList;
			buildConfigurations = (
				9BC3EEBE25DB4AA90081639F /* Debug */,
				9BC3EEBF25DB4AA90081639F /* Release */,
			);
			defaultConfigurationIsVisible = 0;
			defaultConfigurationName = Release;
		};
		9BC3EEC025DB4AA90081639F /* Build configuration list for PBXNativeTarget "AppointmentCheckerUITests" */ = {
			isa = XCConfigurationList;
			buildConfigurations = (
				9BC3EEC125DB4AA90081639F /* Debug */,
				9BC3EEC225DB4AA90081639F /* Release */,
			);
			defaultConfigurationIsVisible = 0;
			defaultConfigurationName = Release;
		};
/* End XCConfigurationList section */

/* Begin XCVersionGroup section */
		9BC3EE9925DB4AA80081639F /* AppointmentChecker.xcdatamodeld */ = {
			isa = XCVersionGroup;
			children = (
				9BC3EE9A25DB4AA80081639F /* AppointmentChecker.xcdatamodel */,
			);
			currentVersion = 9BC3EE9A25DB4AA80081639F /* AppointmentChecker.xcdatamodel */;
			path = AppointmentChecker.xcdatamodeld;
			sourceTree = "<group>";
			versionGroupType = wrapper.xcdatamodel;
		};
/* End XCVersionGroup section */
	};
	rootObject = 9BC3EE8525DB4AA80081639F /* Project object */;
}
